<?xml version="1.0" encoding="utf-8"?>
<Project ToolsVersion="4.0" xmlns="http://schemas.microsoft.com/developer/msbuild/2003">
  <ItemGroup>
    <Filter Include="Resource Files">
      <UniqueIdentifier>{7b1b8131-8b20-4c34-ad0c-27f04fd578f2}</UniqueIdentifier>
      <Extensions>ico;cur;bmp;dlg;rc2;rct;bin;rgs;gif;jpg;jpeg;jpe</Extensions>
    </Filter>
  </ItemGroup>
  <ItemGroup>
    <None Include="resource\bitmap3.bmp">
      <Filter>Resource Files</Filter>
    </None>
    <None Include="resource\ICOkeyg.ico">
      <Filter>Resource Files</Filter>
    </None>
    <None Include="resource\icon1.ico">
      <Filter>Resource Files</Filter>
    </None>
    <None Include="resource\LIST.BMP">
      <Filter>Resource Files</Filter>
    </None>
  </ItemGroup>
  <ItemGroup>
    <ResourceCompile Include="resource\TreeControl.rsrc.rc">
      <Filter>Resource Files</Filter>
    </ResourceCompile>
  </ItemGroup>
  <ItemGroup>
    <ClCompile Include="GUI_DiskFunc.cpp" />
    <ClCompile Include="GUI_TreeControl.cpp" />
  </ItemGroup>
  <ItemGroup>
    <ClInclude Include="GUI_DiskFunc.h" />
  </ItemGroup>
</Project>