<?xml version="1.0" encoding="utf-8"?>
<Project ToolsVersion="4.0" xmlns="http://schemas.microsoft.com/developer/msbuild/2003">
  <ItemGroup>
    <Filter Include="Source Files">
      <UniqueIdentifier>{262efbc0-cf26-4849-87b9-c8f6f5723aac}</UniqueIdentifier>
      <Extensions>cpp;c;cxx;rc;def;r;odl;idl;hpj;bat</Extensions>
    </Filter>
    <Filter Include="Resource Files">
      <UniqueIdentifier>{c420023a-c446-4fc1-88b2-d7d063aab4e5}</UniqueIdentifier>
      <Extensions>ico;cur;bmp;dlg;rc2;rct;bin;rgs;gif;jpg;jpeg;jpe</Extensions>
    </Filter>
    <Filter Include="Header Files">
      <UniqueIdentifier>{8ce5f57e-0408-4024-8996-4c7afe5fba09}</UniqueIdentifier>
      <Extensions>h;hpp;hxx;hm;inl</Extensions>
    </Filter>
  </ItemGroup>
  <ItemGroup>
    <ClCompile Include="DiskFunc.cpp">
      <Filter>Source Files</Filter>
    </ClCompile>
    <ClCompile Include="SupportFunctions.cpp">
      <Filter>Source Files</Filter>
    </ClCompile>
    <ClCompile Include="System.cpp">
      <Filter>Source Files</Filter>
    </ClCompile>
    <ClCompile Include="TreeControl.cpp">
      <Filter>Source Files</Filter>
    </ClCompile>
    <ClCompile Include="haiku\Attribute.cpp">
      <Filter>Source Files</Filter>
    </ClCompile>
    <ClCompile Include="haiku\BlockAllocator.cpp">
      <Filter>Source Files</Filter>
    </ClCompile>
    <ClCompile Include="haiku\BPlusTree.cpp">
      <Filter>Source Files</Filter>
    </ClCompile>
    <ClCompile Include="haiku\Cache.cpp">
      <Filter>Source Files</Filter>
    </ClCompile>
    <ClCompile Include="haiku\Debug.cpp">
      <Filter>Source Files</Filter>
    </ClCompile>
    <ClCompile Include="haiku\Hash.cpp">
      <Filter>Source Files</Filter>
    </ClCompile>
    <ClCompile Include="haiku\Index.cpp">
      <Filter>Source Files</Filter>
    </ClCompile>
    <ClCompile Include="haiku\Inode.cpp">
      <Filter>Source Files</Filter>
    </ClCompile>
    <ClCompile Include="haiku\Journal.cpp">
      <Filter>Source Files</Filter>
    </ClCompile>
    <ClCompile Include="haiku\Query.cpp">
      <Filter>Source Files</Filter>
    </ClCompile>
    <ClCompile Include="haiku\Utility.cpp">
      <Filter>Source Files</Filter>
    </ClCompile>
    <ClCompile Include="haiku\Volume.cpp">
      <Filter>Source Files</Filter>
    </ClCompile>
    <ClCompile Include="BFSInterface.cpp">
      <Filter>Source Files</Filter>
    </ClCompile>
  </ItemGroup>
  <ItemGroup>
    <None Include="resource\bitmap3.bmp">
      <Filter>Resource Files</Filter>
    </None>
    <None Include="resource\ICOkeyg.ico">
      <Filter>Resource Files</Filter>
    </None>
    <None Include="resource\icon1.ico">
      <Filter>Resource Files</Filter>
    </None>
    <None Include="resource\LIST.BMP">
      <Filter>Resource Files</Filter>
    </None>
    <None Include="resource\TreeControl.rsrc.aps" />
    <None Include="resource\Thumbs.db" />
  </ItemGroup>
  <ItemGroup>
    <ResourceCompile Include="resource\TreeControl.rsrc.rc">
      <Filter>Resource Files</Filter>
    </ResourceCompile>
  </ItemGroup>
  <ItemGroup>
    <ClInclude Include="DiskFunc.h">
      <Filter>Header Files</Filter>
    </ClInclude>
    <ClInclude Include="myntddk.h">
      <Filter>Header Files</Filter>
    </ClInclude>
    <ClInclude Include="native.h">
      <Filter>Header Files</Filter>
    </ClInclude>
    <ClInclude Include="resource\resource.h">
      <Filter>Header Files</Filter>
    </ClInclude>
    <ClInclude Include="SupportFunctions.h">
      <Filter>Header Files</Filter>
    </ClInclude>
    <ClInclude Include="System.h">
      <Filter>Header Files</Filter>
    </ClInclude>
    <ClInclude Include="haiku\Attribute.h">
      <Filter>Header Files</Filter>
    </ClInclude>
    <ClInclude Include="haiku\AutoLocker.h">
      <Filter>Header Files</Filter>
    </ClInclude>
    <ClInclude Include="haiku\bfs.h">
      <Filter>Header Files</Filter>
    </ClInclude>
    <ClInclude Include="haiku\bfs_control.h">
      <Filter>Header Files</Filter>
    </ClInclude>
    <ClInclude Include="haiku\bfs_endian.h">
      <Filter>Header Files</Filter>
    </ClInclude>
    <ClInclude Include="haiku\BlockAllocator.h">
      <Filter>Header Files</Filter>
    </ClInclude>
    <ClInclude Include="haiku\BPlusTree.h">
      <Filter>Header Files</Filter>
    </ClInclude>
    <ClInclude Include="haiku\Cache.h">
      <Filter>Header Files</Filter>
    </ClInclude>
    <ClInclude Include="haiku\CachedBlock.h">
      <Filter>Header Files</Filter>
    </ClInclude>
    <ClInclude Include="haiku\Chain.h">
      <Filter>Header Files</Filter>
    </ClInclude>
    <ClInclude Include="haiku\Debug.h">
      <Filter>Header Files</Filter>
    </ClInclude>
    <ClInclude Include="haiku\DoublyLinkedList.h">
      <Filter>Header Files</Filter>
    </ClInclude>
    <ClInclude Include="haiku\Hash.h">
      <Filter>Header Files</Filter>
    </ClInclude>
    <ClInclude Include="haiku\Index.h">
      <Filter>Header Files</Filter>
    </ClInclude>
    <ClInclude Include="haiku\Inode.h">
      <Filter>Header Files</Filter>
    </ClInclude>
    <ClInclude Include="haiku\Journal.h">
      <Filter>Header Files</Filter>
    </ClInclude>
    <ClInclude Include="haiku\Lock.h">
      <Filter>Header Files</Filter>
    </ClInclude>
    <ClInclude Include="haiku\Query.h">
      <Filter>Header Files</Filter>
    </ClInclude>
    <ClInclude Include="haiku\Stack.h">
      <Filter>Header Files</Filter>
    </ClInclude>
    <ClInclude Include="haiku\system_dependencies.h">
      <Filter>Header Files</Filter>
    </ClInclude>
    <ClInclude Include="haiku\Utility.h">
      <Filter>Header Files</Filter>
    </ClInclude>
    <ClInclude Include="haiku\Volume.h">
      <Filter>Header Files</Filter>
    </ClInclude>
    <ClInclude Include="haiku\supportdefs.h">
      <Filter>Header Files</Filter>
    </ClInclude>
    <ClInclude Include="BFSInterface.h">
      <Filter>Header Files</Filter>
    </ClInclude>
  </ItemGroup>
</Project>